
Microsoft Visual Studio Solution File, Format Version 12.00
# Visual Studio Version 17
VisualStudioVersion = 17.4.33110.190
MinimumVisualStudioVersion = 10.0.40219.1
Project("{FAE04EC0-301F-11D3-BF4B-00C04F79EFBC}") = "LoginGettingStarted.Android", "LoginGettingStarted\LoginGettingStarted.Android\LoginGettingStarted.Android.csproj", "{2469F380-3600-490F-B6D1-68627AD3CB9B}"
EndProject
Project("{FAE04EC0-301F-11D3-BF4B-00C04F79EFBC}") = "LoginGettingStarted", "LoginGettingStarted\LoginGettingStarted\LoginGettingStarted.csproj", "{D15FBC8F-E6F4-4536-B5BC-570EBC8E2A4C}"
EndProject
Global
	GlobalSection(SolutionConfigurationPlatforms) = preSolution
		Debug|Any CPU = Debug|Any CPU
		Release|Any CPU = Release|Any CPU
	EndGlobalSection
	GlobalSection(ProjectConfigurationPlatforms) = postSolution
		{2469F380-3600-490F-B6D1-68627AD3CB9B}.Debug|Any CPU.ActiveCfg = Debug|Any CPU
		{2469F380-3600-490F-B6D1-68627AD3CB9B}.Debug|Any CPU.Build.0 = Debug|Any CPU
		{2469F380-3600-490F-B6D1-68627AD3CB9B}.Debug|Any CPU.Deploy.0 = Debug|Any CPU
		{2469F380-3600-490F-B6D1-68627AD3CB9B}.Release|Any CPU.ActiveCfg = Release|Any CPU
		{2469F380-3600-490F-B6D1-68627AD3CB9B}.Release|Any CPU.Build.0 = Release|Any CPU
		{2469F380-3600-490F-B6D1-68627AD3CB9B}.Release|Any CPU.Deploy.0 = Release|Any CPU
		{D15FBC8F-E6F4-4536-B5BC-570EBC8E2A4C}.Debug|Any CPU.ActiveCfg = Debug|Any CPU
		{D15FBC8F-E6F4-4536-B5BC-570EBC8E2A4C}.Debug|Any CPU.Build.0 = Debug|Any CPU
		{D15FBC8F-E6F4-4536-B5BC-570EBC8E2A4C}.Debug|Any CPU.Deploy.0 = Debug|Any CPU
		{D15FBC8F-E6F4-4536-B5BC-570EBC8E2A4C}.Release|Any CPU.ActiveCfg = Release|Any CPU
		{D15FBC8F-E6F4-4536-B5BC-570EBC8E2A4C}.Release|Any CPU.Build.0 = Release|Any CPU
		{D15FBC8F-E6F4-4536-B5BC-570EBC8E2A4C}.Release|Any CPU.Deploy.0 = Release|Any CPU
	EndGlobalSection
	GlobalSection(SolutionProperties) = preSolution
		HideSolutionNode = FALSE
	EndGlobalSection
	GlobalSection(ExtensibilityGlobals) = postSolution
		SolutionGuid = {CF73DC82-773A-4DE0-A6ED-10631D5F71A0}
	EndGlobalSection
EndGlobal
